// !$*UTF8*$!
{
	archiveVersion = 1;
	classes = {
	};
	objectVersion = 55;
	objects = {

/* Begin PBXBuildFile section */
		44378B8C27665570003BC630 /* AppDelegate.swift in Sources */ = {isa = PBXBuildFile; fileRef = 44378B8B27665570003BC630 /* AppDelegate.swift */; };
		44378B8E27665570003BC630 /* SceneDelegate.swift in Sources */ = {isa = PBXBuildFile; fileRef = 44378B8D27665570003BC630 /* SceneDelegate.swift */; };
		44378B9327665570003BC630 /* Main.storyboard in Resources */ = {isa = PBXBuildFile; fileRef = 44378B9127665570003BC630 /* Main.storyboard */; };
		44378B9527665571003BC630 /* Assets.xcassets in Resources */ = {isa = PBXBuildFile; fileRef = 44378B9427665571003BC630 /* Assets.xcassets */; };
		44378B9827665571003BC630 /* LaunchScreen.storyboard in Resources */ = {isa = PBXBuildFile; fileRef = 44378B9627665571003BC630 /* LaunchScreen.storyboard */; };
		44378BA227665595003BC630 /* HomeViewController.swift in Sources */ = {isa = PBXBuildFile; fileRef = 44378BA027665595003BC630 /* HomeViewController.swift */; };
		44378BA327665595003BC630 /* HomeViewController.xib in Resources */ = {isa = PBXBuildFile; fileRef = 44378BA127665595003BC630 /* HomeViewController.xib */; };
		44378BA6276655A9003BC630 /* SignInViewController.swift in Sources */ = {isa = PBXBuildFile; fileRef = 44378BA4276655A9003BC630 /* SignInViewController.swift */; };
		44378BA7276655A9003BC630 /* SignInViewController.xib in Resources */ = {isa = PBXBuildFile; fileRef = 44378BA5276655A9003BC630 /* SignInViewController.xib */; };
		44378BAA276655B9003BC630 /* SignUpViewController.swift in Sources */ = {isa = PBXBuildFile; fileRef = 44378BA8276655B9003BC630 /* SignUpViewController.swift */; };
		44378BAB276655B9003BC630 /* SignUpViewController.xib in Resources */ = {isa = PBXBuildFile; fileRef = 44378BA9276655B9003BC630 /* SignUpViewController.xib */; };
		44378BAE2766658B003BC630 /* BaseViewController.swift in Sources */ = {isa = PBXBuildFile; fileRef = 44378BAD2766658B003BC630 /* BaseViewController.swift */; };
/* End PBXBuildFile section */

/* Begin PBXFileReference section */
		44378B8827665570003BC630 /* InstaDemoPdp.app */ = {isa = PBXFileReference; explicitFileType = wrapper.application; includeInIndex = 0; path = InstaDemoPdp.app; sourceTree = BUILT_PRODUCTS_DIR; };
		44378B8B27665570003BC630 /* AppDelegate.swift */ = {isa = PBXFileReference; lastKnownFileType = sourcecode.swift; path = AppDelegate.swift; sourceTree = "<group>"; };
		44378B8D27665570003BC630 /* SceneDelegate.swift */ = {isa = PBXFileReference; lastKnownFileType = sourcecode.swift; path = SceneDelegate.swift; sourceTree = "<group>"; };
		44378B9227665570003BC630 /* Base */ = {isa = PBXFileReference; lastKnownFileType = file.storyboard; name = Base; path = Base.lproj/Main.storyboard; sourceTree = "<group>"; };
		44378B9427665571003BC630 /* Assets.xcassets */ = {isa = PBXFileReference; lastKnownFileType = folder.assetcatalog; path = Assets.xcassets; sourceTree = "<group>"; };
		44378B9727665571003BC630 /* Base */ = {isa = PBXFileReference; lastKnownFileType = file.storyboard; name = Base; path = Base.lproj/LaunchScreen.storyboard; sourceTree = "<group>"; };
		44378B9927665571003BC630 /* Info.plist */ = {isa = PBXFileReference; lastKnownFileType = text.plist.xml; path = Info.plist; sourceTree = "<group>"; };
		44378BA027665595003BC630 /* HomeViewController.swift */ = {isa = PBXFileReference; lastKnownFileType = sourcecode.swift; path = HomeViewController.swift; sourceTree = "<group>"; };
		44378BA127665595003BC630 /* HomeViewController.xib */ = {isa = PBXFileReference; lastKnownFileType = file.xib; path = HomeViewController.xib; sourceTree = "<group>"; };
		44378BA4276655A9003BC630 /* SignInViewController.swift */ = {isa = PBXFileReference; lastKnownFileType = sourcecode.swift; path = SignInViewController.swift; sourceTree = "<group>"; };
		44378BA5276655A9003BC630 /* SignInViewController.xib */ = {isa = PBXFileReference; lastKnownFileType = file.xib; path = SignInViewController.xib; sourceTree = "<group>"; };
		44378BA8276655B9003BC630 /* SignUpViewController.swift */ = {isa = PBXFileReference; lastKnownFileType = sourcecode.swift; path = SignUpViewController.swift; sourceTree = "<group>"; };
		44378BA9276655B9003BC630 /* SignUpViewController.xib */ = {isa = PBXFileReference; lastKnownFileType = file.xib; path = SignUpViewController.xib; sourceTree = "<group>"; };
		44378BAD2766658B003BC630 /* BaseViewController.swift */ = {isa = PBXFileReference; lastKnownFileType = sourcecode.swift; path = BaseViewController.swift; sourceTree = "<group>"; };
/* End PBXFileReference section */

/* Begin PBXFrameworksBuildPhase section */
		44378B8527665570003BC630 /* Frameworks */ = {
			isa = PBXFrameworksBuildPhase;
			buildActionMask = 2147483647;
			files = (
			);
			runOnlyForDeploymentPostprocessing = 0;
		};
/* End PBXFrameworksBuildPhase section */

/* Begin PBXGroup section */
		44378B7F2766556F003BC630 = {
			isa = PBXGroup;
			children = (
				44378B8A27665570003BC630 /* InstaDemoPdp */,
				44378B8927665570003BC630 /* Products */,
			);
			sourceTree = "<group>";
		};
		44378B8927665570003BC630 /* Products */ = {
			isa = PBXGroup;
			children = (
				44378B8827665570003BC630 /* InstaDemoPdp.app */,
			);
			name = Products;
			sourceTree = "<group>";
		};
		44378B8A27665570003BC630 /* InstaDemoPdp */ = {
			isa = PBXGroup;
			children = (
				44378BAC276655CD003BC630 /* appUtils */,
				44378B9F27665581003BC630 /* controller */,
				44378B8B27665570003BC630 /* AppDelegate.swift */,
				44378B8D27665570003BC630 /* SceneDelegate.swift */,
				44378B9927665571003BC630 /* Info.plist */,
			);
			path = InstaDemoPdp;
			sourceTree = "<group>";
		};
		44378B9F27665581003BC630 /* controller */ = {
			isa = PBXGroup;
			children = (
				44378BA027665595003BC630 /* HomeViewController.swift */,
				44378BA127665595003BC630 /* HomeViewController.xib */,
				44378BA4276655A9003BC630 /* SignInViewController.swift */,
				44378BA5276655A9003BC630 /* SignInViewController.xib */,
				44378BA8276655B9003BC630 /* SignUpViewController.swift */,
				44378BA9276655B9003BC630 /* SignUpViewController.xib */,
				44378BAD2766658B003BC630 /* BaseViewController.swift */,
			);
			path = controller;
			sourceTree = "<group>";
		};
		44378BAC276655CD003BC630 /* appUtils */ = {
			isa = PBXGroup;
			children = (
				44378B9127665570003BC630 /* Main.storyboard */,
				44378B9427665571003BC630 /* Assets.xcassets */,
				44378B9627665571003BC630 /* LaunchScreen.storyboard */,
			);
			path = appUtils;
			sourceTree = "<group>";
		};
/* End PBXGroup section */

/* Begin PBXNativeTarget section */
		44378B8727665570003BC630 /* InstaDemoPdp */ = {
			isa = PBXNativeTarget;
			buildConfigurationList = 44378B9C27665571003BC630 /* Build configuration list for PBXNativeTarget "InstaDemoPdp" */;
			buildPhases = (
				44378B8427665570003BC630 /* Sources */,
				44378B8527665570003BC630 /* Frameworks */,
				44378B8627665570003BC630 /* Resources */,
			);
			buildRules = (
			);
			dependencies = (
			);
			name = InstaDemoPdp;
			productName = InstaDemoPdp;
			productReference = 44378B8827665570003BC630 /* InstaDemoPdp.app */;
			productType = "com.apple.product-type.application";
		};
/* End PBXNativeTarget section */

/* Begin PBXProject section */
		44378B802766556F003BC630 /* Project object */ = {
			isa = PBXProject;
			attributes = {
				BuildIndependentTargetsInParallel = 1;
				LastSwiftUpdateCheck = 1310;
				LastUpgradeCheck = 1310;
				TargetAttributes = {
					44378B8727665570003BC630 = {
						CreatedOnToolsVersion = 13.1;
					};
				};
			};
			buildConfigurationList = 44378B832766556F003BC630 /* Build configuration list for PBXProject "InstaDemoPdp" */;
			compatibilityVersion = "Xcode 13.0";
			developmentRegion = en;
			hasScannedForEncodings = 0;
			knownRegions = (
				en,
				Base,
			);
			mainGroup = 44378B7F2766556F003BC630;
			productRefGroup = 44378B8927665570003BC630 /* Products */;
			projectDirPath = "";
			projectRoot = "";
			targets = (
				44378B8727665570003BC630 /* InstaDemoPdp */,
			);
		};
/* End PBXProject section */

/* Begin PBXResourcesBuildPhase section */
		44378B8627665570003BC630 /* Resources */ = {
			isa = PBXResourcesBuildPhase;
			buildActionMask = 2147483647;
			files = (
				44378BA7276655A9003BC630 /* SignInViewController.xib in Resources */,
				44378B9827665571003BC630 /* LaunchScreen.storyboard in Resources */,
				44378B9527665571003BC630 /* Assets.xcassets in Resources */,
				44378B9327665570003BC630 /* Main.storyboard in Resources */,
				44378BAB276655B9003BC630 /* SignUpViewController.xib in Resources */,
				44378BA327665595003BC630 /* HomeViewController.xib in Resources */,
			);
			runOnlyForDeploymentPostprocessing = 0;
		};
/* End PBXResourcesBuildPhase section */

/* Begin PBXSourcesBuildPhase section */
		44378B8427665570003BC630 /* Sources */ = {
			isa = PBXSourcesBuildPhase;
			buildActionMask = 2147483647;
			files = (
				44378BAA276655B9003BC630 /* SignUpViewController.swift in Sources */,
				44378B8C27665570003BC630 /* AppDelegate.swift in Sources */,
				44378B8E27665570003BC630 /* SceneDelegate.swift in Sources */,
				44378BA6276655A9003BC630 /* SignInViewController.swift in Sources */,
				44378BA227665595003BC630 /* HomeViewController.swift in Sources */,
				44378BAE2766658B003BC630 /* BaseViewController.swift in Sources */,
			);
			runOnlyForDeploymentPostprocessing = 0;
		};
/* End PBXSourcesBuildPhase section */

/* Begin PBXVariantGroup section */
		44378B9127665570003BC630 /* Main.storyboard */ = {
			isa = PBXVariantGroup;
			children = (
				44378B9227665570003BC630 /* Base */,
			);
			name = Main.storyboard;
			sourceTree = "<group>";
		};
		44378B9627665571003BC630 /* LaunchScreen.storyboard */ = {
			isa = PBXVariantGroup;
			children = (
				44378B9727665571003BC630 /* Base */,
			);
			name = LaunchScreen.storyboard;
			sourceTree = "<group>";
		};
/* End PBXVariantGroup section */

/* Begin XCBuildConfiguration section */
		44378B9A27665571003BC630 /* Debug */ = {
			isa = XCBuildConfiguration;
			buildSettings = {
				ALWAYS_SEARCH_USER_PATHS = NO;
				CLANG_ANALYZER_NONNULL = YES;
				CLANG_ANALYZER_NUMBER_OBJECT_CONVERSION = YES_AGGRESSIVE;
				CLANG_CXX_LANGUAGE_STANDARD = "gnu++17";
				CLANG_CXX_LIBRARY = "libc++";
				CLANG_ENABLE_MODULES = YES;
				CLANG_ENABLE_OBJC_ARC = YES;
				CLANG_ENABLE_OBJC_WEAK = YES;
				CLANG_WARN_BLOCK_CAPTURE_AUTORELEASING = YES;
				CLANG_WARN_BOOL_CONVERSION = YES;
				CLANG_WARN_COMMA = YES;
				CLANG_WARN_CONSTANT_CONVERSION = YES;
				CLANG_WARN_DEPRECATED_OBJC_IMPLEMENTATIONS = YES;
				CLANG_WARN_DIRECT_OBJC_ISA_USAGE = YES_ERROR;
				CLANG_WARN_DOCUMENTATION_COMMENTS = YES;
				CLANG_WARN_EMPTY_BODY = YES;
				CLANG_WARN_ENUM_CONVERSION = YES;
				CLANG_WARN_INFINITE_RECURSION = YES;
				CLANG_WARN_INT_CONVERSION = YES;
				CLANG_WARN_NON_LITERAL_NULL_CONVERSION = YES;
				CLANG_WARN_OBJC_IMPLICIT_RETAIN_SELF = YES;
				CLANG_WARN_OBJC_LITERAL_CONVERSION = YES;
				CLANG_WARN_OBJC_ROOT_CLASS = YES_ERROR;
				CLANG_WARN_QUOTED_INCLUDE_IN_FRAMEWORK_HEADER = YES;
				CLANG_WARN_RANGE_LOOP_ANALYSIS = YES;
				CLANG_WARN_STRICT_PROTOTYPES = YES;
				CLANG_WARN_SUSPICIOUS_MOVE = YES;
				CLANG_WARN_UNGUARDED_AVAILABILITY = YES_AGGRESSIVE;
				CLANG_WARN_UNREACHABLE_CODE = YES;
				CLANG_WARN__DUPLICATE_METHOD_MATCH = YES;
				COPY_PHASE_STRIP = NO;
				DEBUG_INFORMATION_FORMAT = dwarf;
				ENABLE_STRICT_OBJC_MSGSEND = YES;
				ENABLE_TESTABILITY = YES;
				GCC_C_LANGUAGE_STANDARD = gnu11;
				GCC_DYNAMIC_NO_PIC = NO;
				GCC_NO_COMMON_BLOCKS = YES;
				GCC_OPTIMIZATION_LEVEL = 0;
				GCC_PREPROCESSOR_DEFINITIONS = (
					"DEBUG=1",
					"$(inherited)",
				);
				GCC_WARN_64_TO_32_BIT_CONVERSION = YES;
				GCC_WARN_ABOUT_RETURN_TYPE = YES_ERROR;
				GCC_WARN_UNDECLARED_SELECTOR = YES;
				GCC_WARN_UNINITIALIZED_AUTOS = YES_AGGRESSIVE;
				GCC_WARN_UNUSED_FUNCTION = YES;
				GCC_WARN_UNUSED_VARIABLE = YES;
				IPHONEOS_DEPLOYMENT_TARGET = 15.0;
				MTL_ENABLE_DEBUG_INFO = INCLUDE_SOURCE;
				MTL_FAST_MATH = YES;
				ONLY_ACTIVE_ARCH = YES;
				SDKROOT = iphoneos;
				SWIFT_ACTIVE_COMPILATION_CONDITIONS = DEBUG;
				SWIFT_OPTIMIZATION_LEVEL = "-Onone";
			};
			name = Debug;
		};
		44378B9B27665571003BC630 /* Release */ = {
			isa = XCBuildConfiguration;
			buildSettings = {
				ALWAYS_SEARCH_USER_PATHS = NO;
				CLANG_ANALYZER_NONNULL = YES;
				CLANG_ANALYZER_NUMBER_OBJECT_CONVERSION = YES_AGGRESSIVE;
				CLANG_CXX_LANGUAGE_STANDARD = "gnu++17";
				CLANG_CXX_LIBRARY = "libc++";
				CLANG_ENABLE_MODULES = YES;
				CLANG_ENABLE_OBJC_ARC = YES;
				CLANG_ENABLE_OBJC_WEAK = YES;
				CLANG_WARN_BLOCK_CAPTURE_AUTORELEASING = YES;
				CLANG_WARN_BOOL_CONVERSION = YES;
				CLANG_WARN_COMMA = YES;
				CLANG_WARN_CONSTANT_CONVERSION = YES;
				CLANG_WARN_DEPRECATED_OBJC_IMPLEMENTATIONS = YES;
				CLANG_WARN_DIRECT_OBJC_ISA_USAGE = YES_ERROR;
				CLANG_WARN_DOCUMENTATION_COMMENTS = YES;
				CLANG_WARN_EMPTY_BODY = YES;
				CLANG_WARN_ENUM_CONVERSION = YES;
				CLANG_WARN_INFINITE_RECURSION = YES;
				CLANG_WARN_INT_CONVERSION = YES;
				CLANG_WARN_NON_LITERAL_NULL_CONVERSION = YES;
				CLANG_WARN_OBJC_IMPLICIT_RETAIN_SELF = YES;
				CLANG_WARN_OBJC_LITERAL_CONVERSION = YES;
				CLANG_WARN_OBJC_ROOT_CLASS = YES_ERROR;
				CLANG_WARN_QUOTED_INCLUDE_IN_FRAMEWORK_HEADER = YES;
				CLANG_WARN_RANGE_LOOP_ANALYSIS = YES;
				CLANG_WARN_STRICT_PROTOTYPES = YES;
				CLANG_WARN_SUSPICIOUS_MOVE = YES;
				CLANG_WARN_UNGUARDED_AVAILABILITY = YES_AGGRESSIVE;
				CLANG_WARN_UNREACHABLE_CODE = YES;
				CLANG_WARN__DUPLICATE_METHOD_MATCH = YES;
				COPY_PHASE_STRIP = NO;
				DEBUG_INFORMATION_FORMAT = "dwarf-with-dsym";
				ENABLE_NS_ASSERTIONS = NO;
				ENABLE_STRICT_OBJC_MSGSEND = YES;
				GCC_C_LANGUAGE_STANDARD = gnu11;
				GCC_NO_COMMON_BLOCKS = YES;
				GCC_WARN_64_TO_32_BIT_CONVERSION = YES;
				GCC_WARN_ABOUT_RETURN_TYPE = YES_ERROR;
				GCC_WARN_UNDECLARED_SELECTOR = YES;
				GCC_WARN_UNINITIALIZED_AUTOS = YES_AGGRESSIVE;
				GCC_WARN_UNUSED_FUNCTION = YES;
				GCC_WARN_UNUSED_VARIABLE = YES;
				IPHONEOS_DEPLOYMENT_TARGET = 15.0;
				MTL_ENABLE_DEBUG_INFO = NO;
				MTL_FAST_MATH = YES;
				SDKROOT = iphoneos;
				SWIFT_COMPILATION_MODE = wholemodule;
				SWIFT_OPTIMIZATION_LEVEL = "-O";
				VALIDATE_PRODUCT = YES;
			};
			name = Release;
		};
		44378B9D27665571003BC630 /* Debug */ = {
			isa = XCBuildConfiguration;
			buildSettings = {
				ASSETCATALOG_COMPILER_APPICON_NAME = AppIcon;
				ASSETCATALOG_COMPILER_GLOBAL_ACCENT_COLOR_NAME = AccentColor;
				CODE_SIGN_STYLE = Automatic;
				CURRENT_PROJECT_VERSION = 1;
				DEVELOPMENT_TEAM = 2J7NKKCS65;
				GENERATE_INFOPLIST_FILE = YES;
				INFOPLIST_FILE = InstaDemoPdp/Info.plist;
				INFOPLIST_KEY_UIApplicationSupportsIndirectInputEvents = YES;
				INFOPLIST_KEY_UILaunchStoryboardName = LaunchScreen;
				INFOPLIST_KEY_UIMainStoryboardFile = Main;
				INFOPLIST_KEY_UISupportedInterfaceOrientations_iPad = "UIInterfaceOrientationPortrait UIInterfaceOrientationPortraitUpsideDown UIInterfaceOrientationLandscapeLeft UIInterfaceOrientationLandscapeRight";
				INFOPLIST_KEY_UISupportedInterfaceOrientations_iPhone = "UIInterfaceOrientationPortrait UIInterfaceOrientationLandscapeLeft UIInterfaceOrientationLandscapeRight";
				LD_RUNPATH_SEARCH_PATHS = (
					"$(inherited)",
					"@executable_path/Frameworks",
				);
				MARKETING_VERSION = 1.0;
				PRODUCT_BUNDLE_IDENTIFIER = com.ajidev.InstaDemoPdp;
				PRODUCT_NAME = "$(TARGET_NAME)";
				SWIFT_EMIT_LOC_STRINGS = YES;
				SWIFT_VERSION = 5.0;
				TARGETED_DEVICE_FAMILY = "1,2";
			};
			name = Debug;
		};
		44378B9E27665571003BC630 /* Release */ = {
			isa = XCBuildConfiguration;
			buildSettings = {
				ASSETCATALOG_COMPILER_APPICON_NAME = AppIcon;
				ASSETCATALOG_COMPILER_GLOBAL_ACCENT_COLOR_NAME = AccentColor;
				CODE_SIGN_STYLE = Automatic;
				CURRENT_PROJECT_VERSION = 1;
				DEVELOPMENT_TEAM = 2J7NKKCS65;
				GENERATE_INFOPLIST_FILE = YES;
				INFOPLIST_FILE = InstaDemoPdp/Info.plist;
				INFOPLIST_KEY_UIApplicationSupportsIndirectInputEvents = YES;
				INFOPLIST_KEY_UILaunchStoryboardName = LaunchScreen;
				INFOPLIST_KEY_UIMainStoryboardFile = Main;
				INFOPLIST_KEY_UISupportedInterfaceOrientations_iPad = "UIInterfaceOrientationPortrait UIInterfaceOrientationPortraitUpsideDown UIInterfaceOrientationLandscapeLeft UIInterfaceOrientationLandscapeRight";
				INFOPLIST_KEY_UISupportedInterfaceOrientations_iPhone = "UIInterfaceOrientationPortrait UIInterfaceOrientationLandscapeLeft UIInterfaceOrientationLandscapeRight";
				LD_RUNPATH_SEARCH_PATHS = (
					"$(inherited)",
					"@executable_path/Frameworks",
				);
				MARKETING_VERSION = 1.0;
				PRODUCT_BUNDLE_IDENTIFIER = com.ajidev.InstaDemoPdp;
				PRODUCT_NAME = "$(TARGET_NAME)";
				SWIFT_EMIT_LOC_STRINGS = YES;
				SWIFT_VERSION = 5.0;
				TARGETED_DEVICE_FAMILY = "1,2";
			};
			name = Release;
		};
/* End XCBuildConfiguration section */

/* Begin XCConfigurationList section */
		44378B832766556F003BC630 /* Build configuration list for PBXProject "InstaDemoPdp" */ = {
			isa = XCConfigurationList;
			buildConfigurations = (
				44378B9A27665571003BC630 /* Debug */,
				44378B9B27665571003BC630 /* Release */,
			);
			defaultConfigurationIsVisible = 0;
			defaultConfigurationName = Release;
		};
		44378B9C27665571003BC630 /* Build configuration list for PBXNativeTarget "InstaDemoPdp" */ = {
			isa = XCConfigurationList;
			buildConfigurations = (
				44378B9D27665571003BC630 /* Debug */,
				44378B9E27665571003BC630 /* Release */,
			);
			defaultConfigurationIsVisible = 0;
			defaultConfigurationName = Release;
		};
/* End XCConfigurationList section */
	};
	rootObject = 44378B802766556F003BC630 /* Project object */;
}
